
Microsoft Visual Studio Solution File, Format Version 12.00
# Visual Studio 15
VisualStudioVersion = 15.0.27703.2035
MinimumVisualStudioVersion = 10.0.40219.1
Project("{FAE04EC0-301F-11D3-BF4B-00C04F79EFBC}") = "DIBillingSystem.Tests", "DIBillingSystem.Tests\DIBillingSystem.Tests.csproj", "{885387FC-8B16-4E3B-A9C1-B32C00FC07B2}"
EndProject
Project("{FAE04EC0-301F-11D3-BF4B-00C04F79EFBC}") = "BillingSystemDemo", "BillingSystemDemo\BillingSystemDemo.csproj", "{E36B03B4-C5AD-4E49-919F-866296506A1D}"
EndProject
Project("{FAE04EC0-301F-11D3-BF4B-00C04F79EFBC}") = "DIBillingSystem", "DIBillingSystem\DIBillingSystem.csproj", "{FCF980CA-2C87-4A3B-802E-74C61A63FD76}"
EndProject
Global
	GlobalSection(SolutionConfigurationPlatforms) = preSolution
		Debug|Any CPU = Debug|Any CPU
		Release|Any CPU = Release|Any CPU
	EndGlobalSection
	GlobalSection(ProjectConfigurationPlatforms) = postSolution
		{885387FC-8B16-4E3B-A9C1-B32C00FC07B2}.Debug|Any CPU.ActiveCfg = Debug|Any CPU
		{885387FC-8B16-4E3B-A9C1-B32C00FC07B2}.Debug|Any CPU.Build.0 = Debug|Any CPU
		{885387FC-8B16-4E3B-A9C1-B32C00FC07B2}.Release|Any CPU.ActiveCfg = Release|Any CPU
		{885387FC-8B16-4E3B-A9C1-B32C00FC07B2}.Release|Any CPU.Build.0 = Release|Any CPU
		{E36B03B4-C5AD-4E49-919F-866296506A1D}.Debug|Any CPU.ActiveCfg = Debug|Any CPU
		{E36B03B4-C5AD-4E49-919F-866296506A1D}.Debug|Any CPU.Build.0 = Debug|Any CPU
		{E36B03B4-C5AD-4E49-919F-866296506A1D}.Release|Any CPU.ActiveCfg = Release|Any CPU
		{E36B03B4-C5AD-4E49-919F-866296506A1D}.Release|Any CPU.Build.0 = Release|Any CPU
		{FCF980CA-2C87-4A3B-802E-74C61A63FD76}.Debug|Any CPU.ActiveCfg = Debug|Any CPU
		{FCF980CA-2C87-4A3B-802E-74C61A63FD76}.Debug|Any CPU.Build.0 = Debug|Any CPU
		{FCF980CA-2C87-4A3B-802E-74C61A63FD76}.Release|Any CPU.ActiveCfg = Release|Any CPU
		{FCF980CA-2C87-4A3B-802E-74C61A63FD76}.Release|Any CPU.Build.0 = Release|Any CPU
	EndGlobalSection
	GlobalSection(SolutionProperties) = preSolution
		HideSolutionNode = FALSE
	EndGlobalSection
	GlobalSection(ExtensibilityGlobals) = postSolution
		SolutionGuid = {3C0125C6-E3A3-4C3B-B419-7ECD317DC44F}
	EndGlobalSection
EndGlobal
