
Microsoft Visual Studio Solution File, Format Version 12.00
# Visual Studio 15
VisualStudioVersion = 15.0.27703.2035
MinimumVisualStudioVersion = 10.0.40219.1
Project("{FAE04EC0-301F-11D3-BF4B-00C04F79EFBC}") = "MockingDemo", "MockingDemo\MockingDemo.csproj", "{8B43C640-357C-411B-A2B7-483BE1EE79F2}"
EndProject
Project("{FAE04EC0-301F-11D3-BF4B-00C04F79EFBC}") = "MockingDemoTests", "MockingDemoTests\MockingDemoTests.csproj", "{4629B570-44D0-4D22-A72C-78AB77B8A007}"
EndProject
Global
	GlobalSection(SolutionConfigurationPlatforms) = preSolution
		Debug|Any CPU = Debug|Any CPU
		Release|Any CPU = Release|Any CPU
	EndGlobalSection
	GlobalSection(ProjectConfigurationPlatforms) = postSolution
		{8B43C640-357C-411B-A2B7-483BE1EE79F2}.Debug|Any CPU.ActiveCfg = Debug|Any CPU
		{8B43C640-357C-411B-A2B7-483BE1EE79F2}.Debug|Any CPU.Build.0 = Debug|Any CPU
		{8B43C640-357C-411B-A2B7-483BE1EE79F2}.Release|Any CPU.ActiveCfg = Release|Any CPU
		{8B43C640-357C-411B-A2B7-483BE1EE79F2}.Release|Any CPU.Build.0 = Release|Any CPU
		{4629B570-44D0-4D22-A72C-78AB77B8A007}.Debug|Any CPU.ActiveCfg = Debug|Any CPU
		{4629B570-44D0-4D22-A72C-78AB77B8A007}.Debug|Any CPU.Build.0 = Debug|Any CPU
		{4629B570-44D0-4D22-A72C-78AB77B8A007}.Release|Any CPU.ActiveCfg = Release|Any CPU
		{4629B570-44D0-4D22-A72C-78AB77B8A007}.Release|Any CPU.Build.0 = Release|Any CPU
	EndGlobalSection
	GlobalSection(SolutionProperties) = preSolution
		HideSolutionNode = FALSE
	EndGlobalSection
	GlobalSection(ExtensibilityGlobals) = postSolution
		SolutionGuid = {FF5B398C-BC9D-4069-8E44-DE334468CEAA}
	EndGlobalSection
EndGlobal
